// !$*UTF8*$!
{
	archiveVersion = 1;
	classes = {
	};
	objectVersion = 56;
	objects = {

/* Begin PBXBuildFile section */
		02C0F3262955E76E00DCB24D /* CountryDemoApp.swift in Sources */ = {isa = PBXBuildFile; fileRef = 02C0F3252955E76E00DCB24D /* CountryDemoApp.swift */; };
		02C0F3282955E76E00DCB24D /* ContentView.swift in Sources */ = {isa = PBXBuildFile; fileRef = 02C0F3272955E76E00DCB24D /* ContentView.swift */; };
		02C0F32A2955E77200DCB24D /* Assets.xcassets in Resources */ = {isa = PBXBuildFile; fileRef = 02C0F3292955E77200DCB24D /* Assets.xcassets */; };
		02C0F32D2955E77200DCB24D /* Preview Assets.xcassets in Resources */ = {isa = PBXBuildFile; fileRef = 02C0F32C2955E77200DCB24D /* Preview Assets.xcassets */; };
		02C0F3342955E7B800DCB24D /* NetworkController.swift in Sources */ = {isa = PBXBuildFile; fileRef = 02C0F3332955E7B800DCB24D /* NetworkController.swift */; };
		02C0F3362955E85300DCB24D /* ViewModel.swift in Sources */ = {isa = PBXBuildFile; fileRef = 02C0F3352955E85300DCB24D /* ViewModel.swift */; };
		02C0F3382955E8B900DCB24D /* ApplicationController.swift in Sources */ = {isa = PBXBuildFile; fileRef = 02C0F3372955E8B900DCB24D /* ApplicationController.swift */; };
		02C0F33A2955EA1F00DCB24D /* Country.swift in Sources */ = {isa = PBXBuildFile; fileRef = 02C0F3392955EA1F00DCB24D /* Country.swift */; };
		02C0F33C2955EACE00DCB24D /* CountryCell.swift in Sources */ = {isa = PBXBuildFile; fileRef = 02C0F33B2955EACE00DCB24D /* CountryCell.swift */; };
/* End PBXBuildFile section */

/* Begin PBXFileReference section */
		02C0F3222955E76E00DCB24D /* CountryDemo.app */ = {isa = PBXFileReference; explicitFileType = wrapper.application; includeInIndex = 0; path = CountryDemo.app; sourceTree = BUILT_PRODUCTS_DIR; };
		02C0F3252955E76E00DCB24D /* CountryDemoApp.swift */ = {isa = PBXFileReference; lastKnownFileType = sourcecode.swift; path = CountryDemoApp.swift; sourceTree = "<group>"; };
		02C0F3272955E76E00DCB24D /* ContentView.swift */ = {isa = PBXFileReference; lastKnownFileType = sourcecode.swift; path = ContentView.swift; sourceTree = "<group>"; };
		02C0F3292955E77200DCB24D /* Assets.xcassets */ = {isa = PBXFileReference; lastKnownFileType = folder.assetcatalog; path = Assets.xcassets; sourceTree = "<group>"; };
		02C0F32C2955E77200DCB24D /* Preview Assets.xcassets */ = {isa = PBXFileReference; lastKnownFileType = folder.assetcatalog; path = "Preview Assets.xcassets"; sourceTree = "<group>"; };
		02C0F3332955E7B800DCB24D /* NetworkController.swift */ = {isa = PBXFileReference; lastKnownFileType = sourcecode.swift; path = NetworkController.swift; sourceTree = "<group>"; };
		02C0F3352955E85300DCB24D /* ViewModel.swift */ = {isa = PBXFileReference; lastKnownFileType = sourcecode.swift; path = ViewModel.swift; sourceTree = "<group>"; };
		02C0F3372955E8B900DCB24D /* ApplicationController.swift */ = {isa = PBXFileReference; lastKnownFileType = sourcecode.swift; path = ApplicationController.swift; sourceTree = "<group>"; };
		02C0F3392955EA1F00DCB24D /* Country.swift */ = {isa = PBXFileReference; lastKnownFileType = sourcecode.swift; path = Country.swift; sourceTree = "<group>"; };
		02C0F33B2955EACE00DCB24D /* CountryCell.swift */ = {isa = PBXFileReference; lastKnownFileType = sourcecode.swift; path = CountryCell.swift; sourceTree = "<group>"; };
/* End PBXFileReference section */

/* Begin PBXFrameworksBuildPhase section */
		02C0F31F2955E76E00DCB24D /* Frameworks */ = {
			isa = PBXFrameworksBuildPhase;
			buildActionMask = 2147483647;
			files = (
			);
			runOnlyForDeploymentPostprocessing = 0;
		};
/* End PBXFrameworksBuildPhase section */

/* Begin PBXGroup section */
		02C0F3192955E76E00DCB24D = {
			isa = PBXGroup;
			children = (
				02C0F3242955E76E00DCB24D /* CountryDemo */,
				02C0F3232955E76E00DCB24D /* Products */,
			);
			sourceTree = "<group>";
		};
		02C0F3232955E76E00DCB24D /* Products */ = {
			isa = PBXGroup;
			children = (
				02C0F3222955E76E00DCB24D /* CountryDemo.app */,
			);
			name = Products;
			sourceTree = "<group>";
		};
		02C0F3242955E76E00DCB24D /* CountryDemo */ = {
			isa = PBXGroup;
			children = (
				02C0F3332955E7B800DCB24D /* NetworkController.swift */,
				02C0F3252955E76E00DCB24D /* CountryDemoApp.swift */,
				02C0F3272955E76E00DCB24D /* ContentView.swift */,
				02C0F3352955E85300DCB24D /* ViewModel.swift */,
				02C0F3372955E8B900DCB24D /* ApplicationController.swift */,
				02C0F33B2955EACE00DCB24D /* CountryCell.swift */,
				02C0F3392955EA1F00DCB24D /* Country.swift */,
				02C0F3292955E77200DCB24D /* Assets.xcassets */,
				02C0F32B2955E77200DCB24D /* Preview Content */,
			);
			path = CountryDemo;
			sourceTree = "<group>";
		};
		02C0F32B2955E77200DCB24D /* Preview Content */ = {
			isa = PBXGroup;
			children = (
				02C0F32C2955E77200DCB24D /* Preview Assets.xcassets */,
			);
			path = "Preview Content";
			sourceTree = "<group>";
		};
/* End PBXGroup section */

/* Begin PBXNativeTarget section */
		02C0F3212955E76E00DCB24D /* CountryDemo */ = {
			isa = PBXNativeTarget;
			buildConfigurationList = 02C0F3302955E77200DCB24D /* Build configuration list for PBXNativeTarget "CountryDemo" */;
			buildPhases = (
				02C0F31E2955E76E00DCB24D /* Sources */,
				02C0F31F2955E76E00DCB24D /* Frameworks */,
				02C0F3202955E76E00DCB24D /* Resources */,
			);
			buildRules = (
			);
			dependencies = (
			);
			name = CountryDemo;
			productName = CountryDemo;
			productReference = 02C0F3222955E76E00DCB24D /* CountryDemo.app */;
			productType = "com.apple.product-type.application";
		};
/* End PBXNativeTarget section */

/* Begin PBXProject section */
		02C0F31A2955E76E00DCB24D /* Project object */ = {
			isa = PBXProject;
			attributes = {
				BuildIndependentTargetsInParallel = 1;
				LastSwiftUpdateCheck = 1420;
				LastUpgradeCheck = 1420;
				TargetAttributes = {
					02C0F3212955E76E00DCB24D = {
						CreatedOnToolsVersion = 14.2;
					};
				};
			};
			buildConfigurationList = 02C0F31D2955E76E00DCB24D /* Build configuration list for PBXProject "CountryDemo" */;
			compatibilityVersion = "Xcode 14.0";
			developmentRegion = en;
			hasScannedForEncodings = 0;
			knownRegions = (
				en,
				Base,
			);
			mainGroup = 02C0F3192955E76E00DCB24D;
			productRefGroup = 02C0F3232955E76E00DCB24D /* Products */;
			projectDirPath = "";
			projectRoot = "";
			targets = (
				02C0F3212955E76E00DCB24D /* CountryDemo */,
			);
		};
/* End PBXProject section */

/* Begin PBXResourcesBuildPhase section */
		02C0F3202955E76E00DCB24D /* Resources */ = {
			isa = PBXResourcesBuildPhase;
			buildActionMask = 2147483647;
			files = (
				02C0F32D2955E77200DCB24D /* Preview Assets.xcassets in Resources */,
				02C0F32A2955E77200DCB24D /* Assets.xcassets in Resources */,
			);
			runOnlyForDeploymentPostprocessing = 0;
		};
/* End PBXResourcesBuildPhase section */

/* Begin PBXSourcesBuildPhase section */
		02C0F31E2955E76E00DCB24D /* Sources */ = {
			isa = PBXSourcesBuildPhase;
			buildActionMask = 2147483647;
			files = (
				02C0F3282955E76E00DCB24D /* ContentView.swift in Sources */,
				02C0F3262955E76E00DCB24D /* CountryDemoApp.swift in Sources */,
				02C0F3362955E85300DCB24D /* ViewModel.swift in Sources */,
				02C0F3342955E7B800DCB24D /* NetworkController.swift in Sources */,
				02C0F33A2955EA1F00DCB24D /* Country.swift in Sources */,
				02C0F3382955E8B900DCB24D /* ApplicationController.swift in Sources */,
				02C0F33C2955EACE00DCB24D /* CountryCell.swift in Sources */,
			);
			runOnlyForDeploymentPostprocessing = 0;
		};
/* End PBXSourcesBuildPhase section */

/* Begin XCBuildConfiguration section */
		02C0F32E2955E77200DCB24D /* Debug */ = {
			isa = XCBuildConfiguration;
			buildSettings = {
				ALWAYS_SEARCH_USER_PATHS = NO;
				CLANG_ANALYZER_NONNULL = YES;
				CLANG_ANALYZER_NUMBER_OBJECT_CONVERSION = YES_AGGRESSIVE;
				CLANG_CXX_LANGUAGE_STANDARD = "gnu++20";
				CLANG_ENABLE_MODULES = YES;
				CLANG_ENABLE_OBJC_ARC = YES;
				CLANG_ENABLE_OBJC_WEAK = YES;
				CLANG_WARN_BLOCK_CAPTURE_AUTORELEASING = YES;
				CLANG_WARN_BOOL_CONVERSION = YES;
				CLANG_WARN_COMMA = YES;
				CLANG_WARN_CONSTANT_CONVERSION = YES;
				CLANG_WARN_DEPRECATED_OBJC_IMPLEMENTATIONS = YES;
				CLANG_WARN_DIRECT_OBJC_ISA_USAGE = YES_ERROR;
				CLANG_WARN_DOCUMENTATION_COMMENTS = YES;
				CLANG_WARN_EMPTY_BODY = YES;
				CLANG_WARN_ENUM_CONVERSION = YES;
				CLANG_WARN_INFINITE_RECURSION = YES;
				CLANG_WARN_INT_CONVERSION = YES;
				CLANG_WARN_NON_LITERAL_NULL_CONVERSION = YES;
				CLANG_WARN_OBJC_IMPLICIT_RETAIN_SELF = YES;
				CLANG_WARN_OBJC_LITERAL_CONVERSION = YES;
				CLANG_WARN_OBJC_ROOT_CLASS = YES_ERROR;
				CLANG_WARN_QUOTED_INCLUDE_IN_FRAMEWORK_HEADER = YES;
				CLANG_WARN_RANGE_LOOP_ANALYSIS = YES;
				CLANG_WARN_STRICT_PROTOTYPES = YES;
				CLANG_WARN_SUSPICIOUS_MOVE = YES;
				CLANG_WARN_UNGUARDED_AVAILABILITY = YES_AGGRESSIVE;
				CLANG_WARN_UNREACHABLE_CODE = YES;
				CLANG_WARN__DUPLICATE_METHOD_MATCH = YES;
				COPY_PHASE_STRIP = NO;
				DEBUG_INFORMATION_FORMAT = dwarf;
				ENABLE_STRICT_OBJC_MSGSEND = YES;
				ENABLE_TESTABILITY = YES;
				GCC_C_LANGUAGE_STANDARD = gnu11;
				GCC_DYNAMIC_NO_PIC = NO;
				GCC_NO_COMMON_BLOCKS = YES;
				GCC_OPTIMIZATION_LEVEL = 0;
				GCC_PREPROCESSOR_DEFINITIONS = (
					"DEBUG=1",
					"$(inherited)",
				);
				GCC_WARN_64_TO_32_BIT_CONVERSION = YES;
				GCC_WARN_ABOUT_RETURN_TYPE = YES_ERROR;
				GCC_WARN_UNDECLARED_SELECTOR = YES;
				GCC_WARN_UNINITIALIZED_AUTOS = YES_AGGRESSIVE;
				GCC_WARN_UNUSED_FUNCTION = YES;
				GCC_WARN_UNUSED_VARIABLE = YES;
				IPHONEOS_DEPLOYMENT_TARGET = 16.2;
				MTL_ENABLE_DEBUG_INFO = INCLUDE_SOURCE;
				MTL_FAST_MATH = YES;
				ONLY_ACTIVE_ARCH = YES;
				SDKROOT = iphoneos;
				SWIFT_ACTIVE_COMPILATION_CONDITIONS = DEBUG;
				SWIFT_OPTIMIZATION_LEVEL = "-Onone";
			};
			name = Debug;
		};
		02C0F32F2955E77200DCB24D /* Release */ = {
			isa = XCBuildConfiguration;
			buildSettings = {
				ALWAYS_SEARCH_USER_PATHS = NO;
				CLANG_ANALYZER_NONNULL = YES;
				CLANG_ANALYZER_NUMBER_OBJECT_CONVERSION = YES_AGGRESSIVE;
				CLANG_CXX_LANGUAGE_STANDARD = "gnu++20";
				CLANG_ENABLE_MODULES = YES;
				CLANG_ENABLE_OBJC_ARC = YES;
				CLANG_ENABLE_OBJC_WEAK = YES;
				CLANG_WARN_BLOCK_CAPTURE_AUTORELEASING = YES;
				CLANG_WARN_BOOL_CONVERSION = YES;
				CLANG_WARN_COMMA = YES;
				CLANG_WARN_CONSTANT_CONVERSION = YES;
				CLANG_WARN_DEPRECATED_OBJC_IMPLEMENTATIONS = YES;
				CLANG_WARN_DIRECT_OBJC_ISA_USAGE = YES_ERROR;
				CLANG_WARN_DOCUMENTATION_COMMENTS = YES;
				CLANG_WARN_EMPTY_BODY = YES;
				CLANG_WARN_ENUM_CONVERSION = YES;
				CLANG_WARN_INFINITE_RECURSION = YES;
				CLANG_WARN_INT_CONVERSION = YES;
				CLANG_WARN_NON_LITERAL_NULL_CONVERSION = YES;
				CLANG_WARN_OBJC_IMPLICIT_RETAIN_SELF = YES;
				CLANG_WARN_OBJC_LITERAL_CONVERSION = YES;
				CLANG_WARN_OBJC_ROOT_CLASS = YES_ERROR;
				CLANG_WARN_QUOTED_INCLUDE_IN_FRAMEWORK_HEADER = YES;
				CLANG_WARN_RANGE_LOOP_ANALYSIS = YES;
				CLANG_WARN_STRICT_PROTOTYPES = YES;
				CLANG_WARN_SUSPICIOUS_MOVE = YES;
				CLANG_WARN_UNGUARDED_AVAILABILITY = YES_AGGRESSIVE;
				CLANG_WARN_UNREACHABLE_CODE = YES;
				CLANG_WARN__DUPLICATE_METHOD_MATCH = YES;
				COPY_PHASE_STRIP = NO;
				DEBUG_INFORMATION_FORMAT = "dwarf-with-dsym";
				ENABLE_NS_ASSERTIONS = NO;
				ENABLE_STRICT_OBJC_MSGSEND = YES;
				GCC_C_LANGUAGE_STANDARD = gnu11;
				GCC_NO_COMMON_BLOCKS = YES;
				GCC_WARN_64_TO_32_BIT_CONVERSION = YES;
				GCC_WARN_ABOUT_RETURN_TYPE = YES_ERROR;
				GCC_WARN_UNDECLARED_SELECTOR = YES;
				GCC_WARN_UNINITIALIZED_AUTOS = YES_AGGRESSIVE;
				GCC_WARN_UNUSED_FUNCTION = YES;
				GCC_WARN_UNUSED_VARIABLE = YES;
				IPHONEOS_DEPLOYMENT_TARGET = 16.2;
				MTL_ENABLE_DEBUG_INFO = NO;
				MTL_FAST_MATH = YES;
				SDKROOT = iphoneos;
				SWIFT_COMPILATION_MODE = wholemodule;
				SWIFT_OPTIMIZATION_LEVEL = "-O";
				VALIDATE_PRODUCT = YES;
			};
			name = Release;
		};
		02C0F3312955E77200DCB24D /* Debug */ = {
			isa = XCBuildConfiguration;
			buildSettings = {
				ASSETCATALOG_COMPILER_APPICON_NAME = AppIcon;
				ASSETCATALOG_COMPILER_GLOBAL_ACCENT_COLOR_NAME = AccentColor;
				CODE_SIGN_STYLE = Automatic;
				CURRENT_PROJECT_VERSION = 1;
				DEVELOPMENT_ASSET_PATHS = "\"CountryDemo/Preview Content\"";
				ENABLE_PREVIEWS = YES;
				GENERATE_INFOPLIST_FILE = YES;
				INFOPLIST_KEY_UIApplicationSceneManifest_Generation = YES;
				INFOPLIST_KEY_UIApplicationSupportsIndirectInputEvents = YES;
				INFOPLIST_KEY_UILaunchScreen_Generation = YES;
				INFOPLIST_KEY_UISupportedInterfaceOrientations_iPad = "UIInterfaceOrientationPortrait UIInterfaceOrientationPortraitUpsideDown UIInterfaceOrientationLandscapeLeft UIInterfaceOrientationLandscapeRight";
				INFOPLIST_KEY_UISupportedInterfaceOrientations_iPhone = "UIInterfaceOrientationPortrait UIInterfaceOrientationLandscapeLeft UIInterfaceOrientationLandscapeRight";
				LD_RUNPATH_SEARCH_PATHS = (
					"$(inherited)",
					"@executable_path/Frameworks",
				);
				MARKETING_VERSION = 1.0;
				PRODUCT_BUNDLE_IDENTIFIER = com.aguilar.pablo.swiftui.networking.CountryDemo;
				PRODUCT_NAME = "$(TARGET_NAME)";
				SWIFT_EMIT_LOC_STRINGS = YES;
				SWIFT_VERSION = 5.0;
				TARGETED_DEVICE_FAMILY = "1,2";
			};
			name = Debug;
		};
		02C0F3322955E77200DCB24D /* Release */ = {
			isa = XCBuildConfiguration;
			buildSettings = {
				ASSETCATALOG_COMPILER_APPICON_NAME = AppIcon;
				ASSETCATALOG_COMPILER_GLOBAL_ACCENT_COLOR_NAME = AccentColor;
				CODE_SIGN_STYLE = Automatic;
				CURRENT_PROJECT_VERSION = 1;
				DEVELOPMENT_ASSET_PATHS = "\"CountryDemo/Preview Content\"";
				ENABLE_PREVIEWS = YES;
				GENERATE_INFOPLIST_FILE = YES;
				INFOPLIST_KEY_UIApplicationSceneManifest_Generation = YES;
				INFOPLIST_KEY_UIApplicationSupportsIndirectInputEvents = YES;
				INFOPLIST_KEY_UILaunchScreen_Generation = YES;
				INFOPLIST_KEY_UISupportedInterfaceOrientations_iPad = "UIInterfaceOrientationPortrait UIInterfaceOrientationPortraitUpsideDown UIInterfaceOrientationLandscapeLeft UIInterfaceOrientationLandscapeRight";
				INFOPLIST_KEY_UISupportedInterfaceOrientations_iPhone = "UIInterfaceOrientationPortrait UIInterfaceOrientationLandscapeLeft UIInterfaceOrientationLandscapeRight";
				LD_RUNPATH_SEARCH_PATHS = (
					"$(inherited)",
					"@executable_path/Frameworks",
				);
				MARKETING_VERSION = 1.0;
				PRODUCT_BUNDLE_IDENTIFIER = com.aguilar.pablo.swiftui.networking.CountryDemo;
				PRODUCT_NAME = "$(TARGET_NAME)";
				SWIFT_EMIT_LOC_STRINGS = YES;
				SWIFT_VERSION = 5.0;
				TARGETED_DEVICE_FAMILY = "1,2";
			};
			name = Release;
		};
/* End XCBuildConfiguration section */

/* Begin XCConfigurationList section */
		02C0F31D2955E76E00DCB24D /* Build configuration list for PBXProject "CountryDemo" */ = {
			isa = XCConfigurationList;
			buildConfigurations = (
				02C0F32E2955E77200DCB24D /* Debug */,
				02C0F32F2955E77200DCB24D /* Release */,
			);
			defaultConfigurationIsVisible = 0;
			defaultConfigurationName = Release;
		};
		02C0F3302955E77200DCB24D /* Build configuration list for PBXNativeTarget "CountryDemo" */ = {
			isa = XCConfigurationList;
			buildConfigurations = (
				02C0F3312955E77200DCB24D /* Debug */,
				02C0F3322955E77200DCB24D /* Release */,
			);
			defaultConfigurationIsVisible = 0;
			defaultConfigurationName = Release;
		};
/* End XCConfigurationList section */
	};
	rootObject = 02C0F31A2955E76E00DCB24D /* Project object */;
}
